
Microsoft Visual Studio Solution File, Format Version 12.00
# Visual Studio Version 17
VisualStudioVersion = 17.13.35806.99 d17.13
MinimumVisualStudioVersion = 10.0.40219.1
Project("{D2ABAB84-BF74-430A-B69E-9DC6D40DDA17}") = "HelathCareCube", "HelathCareCube.dwproj", "{D570433E-516D-7F75-C3CB-E010A596D0EA}"
EndProject
Global
	GlobalSection(SolutionConfigurationPlatforms) = preSolution
		Development|Default = Development|Default
	EndGlobalSection
	GlobalSection(ProjectConfigurationPlatforms) = postSolution
		{D570433E-516D-7F75-C3CB-E010A596D0EA}.Development|Default.ActiveCfg = Development
		{D570433E-516D-7F75-C3CB-E010A596D0EA}.Development|Default.Build.0 = Development
		{D570433E-516D-7F75-C3CB-E010A596D0EA}.Development|Default.Deploy.0 = Development
	EndGlobalSection
	GlobalSection(SolutionProperties) = preSolution
		HideSolutionNode = FALSE
	EndGlobalSection
	GlobalSection(ExtensibilityGlobals) = postSolution
		SolutionGuid = {129DDD58-0617-417D-9109-C2CA770CEBE7}
	EndGlobalSection
EndGlobal
